PODS:
  - Flutter (1.0.0)
  - FlutterUniAppMp (0.0.4)
  - integration_test (0.0.1):
    - Flutter
  - path_provider_foundation (0.0.1):
    - Flutter
    - FlutterMacOS
  - unimp_sdk_plugin (0.0.1):
    - Flutter
    - FlutterUniAppMp (= 0.0.4)

DEPENDENCIES:
  - Flutter (from `Flutter`)
  - integration_test (from `.symlinks/plugins/integration_test/ios`)
  - path_provider_foundation (from `.symlinks/plugins/path_provider_foundation/darwin`)
  - unimp_sdk_plugin (from `.symlinks/plugins/unimp_sdk_plugin/ios`)

SPEC REPOS:
  trunk:
    - FlutterUniAppMp

EXTERNAL SOURCES:
  Flutter:
    :path: Flutter
  integration_test:
    :path: ".symlinks/plugins/integration_test/ios"
  path_provider_foundation:
    :path: ".symlinks/plugins/path_provider_foundation/darwin"
  unimp_sdk_plugin:
    :path: ".symlinks/plugins/unimp_sdk_plugin/ios"

SPEC CHECKSUMS:
  Flutter: f04841e97a9d0b0a8025694d0796dd46242b2854
  FlutterUniAppMp: 3900f8227e9dfdd515993120f6e70f7b536e65d2
  integration_test: 13825b8a9334a850581300559b8839134b124670
  path_provider_foundation: 29f094ae23ebbca9d3d0cec13889cd9060c0e943
  unimp_sdk_plugin: 68e2eac261571753dd32ed4d912a15d20c170417

PODFILE CHECKSUM: 4ac01e3e221081afd1525f1d0dbddc3736355be7

COCOAPODS: 1.14.3
